// !$*UTF8*$!
{
	archiveVersion = 1;
	classes = {
	};
	objectVersion = 46;
	objects = {

/* Begin PBXBuildFile section */
		55D929EC1F2A03380046E302 /* AppDelegate.swift in Sources */ = {isa = PBXBuildFile; fileRef = 55D929EB1F2A03380046E302 /* AppDelegate.swift */; };
		55D929EE1F2A03380046E302 /* ViewController.swift in Sources */ = {isa = PBXBuildFile; fileRef = 55D929ED1F2A03380046E302 /* ViewController.swift */; };
		55D929F11F2A03380046E302 /* Main.storyboard in Resources */ = {isa = PBXBuildFile; fileRef = 55D929EF1F2A03380046E302 /* Main.storyboard */; };
		55D929F31F2A03380046E302 /* Assets.xcassets in Resources */ = {isa = PBXBuildFile; fileRef = 55D929F21F2A03380046E302 /* Assets.xcassets */; };
		55D929F61F2A03380046E302 /* LaunchScreen.storyboard in Resources */ = {isa = PBXBuildFile; fileRef = 55D929F41F2A03380046E302 /* LaunchScreen.storyboard */; };
		55D92A011F2A03380046E302 /* TestTests.swift in Sources */ = {isa = PBXBuildFile; fileRef = 55D92A001F2A03380046E302 /* TestTests.swift */; };
		55D92A0C1F2A03380046E302 /* TestUITests.swift in Sources */ = {isa = PBXBuildFile; fileRef = 55D92A0B1F2A03380046E302 /* TestUITests.swift */; };
/* End PBXBuildFile section */

/* Begin PBXContainerItemProxy section */
		55D929FD1F2A03380046E302 /* PBXContainerItemProxy */ = {
			isa = PBXContainerItemProxy;
			containerPortal = 55D929E01F2A03380046E302 /* Project object */;
			proxyType = 1;
			remoteGlobalIDString = 55D929E71F2A03380046E302;
			remoteInfo = Test;
		};
		55D92A081F2A03380046E302 /* PBXContainerItemProxy */ = {
			isa = PBXContainerItemProxy;
			containerPortal = 55D929E01F2A03380046E302 /* Project object */;
			proxyType = 1;
			remoteGlobalIDString = 55D929E71F2A03380046E302;
			remoteInfo = Test;
		};
/* End PBXContainerItemProxy section */

/* Begin PBXFileReference section */
		55D929E81F2A03380046E302 /* Test.app */ = {isa = PBXFileReference; explicitFileType = wrapper.application; includeInIndex = 0; path = Test.app; sourceTree = BUILT_PRODUCTS_DIR; };
		55D929EB1F2A03380046E302 /* AppDelegate.swift */ = {isa = PBXFileReference; lastKnownFileType = sourcecode.swift; path = AppDelegate.swift; sourceTree = "<group>"; };
		55D929ED1F2A03380046E302 /* ViewController.swift */ = {isa = PBXFileReference; lastKnownFileType = sourcecode.swift; path = ViewController.swift; sourceTree = "<group>"; };
		55D929F01F2A03380046E302 /* Base */ = {isa = PBXFileReference; lastKnownFileType = file.storyboard; name = Base; path = Base.lproj/Main.storyboard; sourceTree = "<group>"; };
		55D929F21F2A03380046E302 /* Assets.xcassets */ = {isa = PBXFileReference; lastKnownFileType = folder.assetcatalog; path = Assets.xcassets; sourceTree = "<group>"; };
		55D929F51F2A03380046E302 /* Base */ = {isa = PBXFileReference; lastKnownFileType = file.storyboard; name = Base; path = Base.lproj/LaunchScreen.storyboard; sourceTree = "<group>"; };
		55D929F71F2A03380046E302 /* Info.plist */ = {isa = PBXFileReference; lastKnownFileType = text.plist.xml; path = Info.plist; sourceTree = "<group>"; };
		55D929FC1F2A03380046E302 /* TestTests.xctest */ = {isa = PBXFileReference; explicitFileType = wrapper.cfbundle; includeInIndex = 0; path = TestTests.xctest; sourceTree = BUILT_PRODUCTS_DIR; };
		55D92A001F2A03380046E302 /* TestTests.swift */ = {isa = PBXFileReference; lastKnownFileType = sourcecode.swift; path = TestTests.swift; sourceTree = "<group>"; };
		55D92A021F2A03380046E302 /* Info.plist */ = {isa = PBXFileReference; lastKnownFileType = text.plist.xml; path = Info.plist; sourceTree = "<group>"; };
		55D92A071F2A03380046E302 /* TestUITests.xctest */ = {isa = PBXFileReference; explicitFileType = wrapper.cfbundle; includeInIndex = 0; path = TestUITests.xctest; sourceTree = BUILT_PRODUCTS_DIR; };
		55D92A0B1F2A03380046E302 /* TestUITests.swift */ = {isa = PBXFileReference; lastKnownFileType = sourcecode.swift; path = TestUITests.swift; sourceTree = "<group>"; };
		55D92A0D1F2A03380046E302 /* Info.plist */ = {isa = PBXFileReference; lastKnownFileType = text.plist.xml; path = Info.plist; sourceTree = "<group>"; };
/* End PBXFileReference section */

/* Begin PBXFrameworksBuildPhase section */
		55D929E51F2A03380046E302 /* Frameworks */ = {
			isa = PBXFrameworksBuildPhase;
			buildActionMask = 2147483647;
			files = (
			);
			runOnlyForDeploymentPostprocessing = 0;
		};
		55D929F91F2A03380046E302 /* Frameworks */ = {
			isa = PBXFrameworksBuildPhase;
			buildActionMask = 2147483647;
			files = (
			);
			runOnlyForDeploymentPostprocessing = 0;
		};
		55D92A041F2A03380046E302 /* Frameworks */ = {
			isa = PBXFrameworksBuildPhase;
			buildActionMask = 2147483647;
			files = (
			);
			runOnlyForDeploymentPostprocessing = 0;
		};
/* End PBXFrameworksBuildPhase section */

/* Begin PBXGroup section */
		55D929DF1F2A03380046E302 = {
			isa = PBXGroup;
			children = (
				55D929EA1F2A03380046E302 /* Test */,
				55D929FF1F2A03380046E302 /* TestTests */,
				55D92A0A1F2A03380046E302 /* TestUITests */,
				55D929E91F2A03380046E302 /* Products */,
			);
			sourceTree = "<group>";
		};
		55D929E91F2A03380046E302 /* Products */ = {
			isa = PBXGroup;
			children = (
				55D929E81F2A03380046E302 /* Test.app */,
				55D929FC1F2A03380046E302 /* TestTests.xctest */,
				55D92A071F2A03380046E302 /* TestUITests.xctest */,
			);
			name = Products;
			sourceTree = "<group>";
		};
		55D929EA1F2A03380046E302 /* Test */ = {
			isa = PBXGroup;
			children = (
				55D929EB1F2A03380046E302 /* AppDelegate.swift */,
				55D929ED1F2A03380046E302 /* ViewController.swift */,
				55D929EF1F2A03380046E302 /* Main.storyboard */,
				55D929F21F2A03380046E302 /* Assets.xcassets */,
				55D929F41F2A03380046E302 /* LaunchScreen.storyboard */,
				55D929F71F2A03380046E302 /* Info.plist */,
			);
			path = Test;
			sourceTree = "<group>";
		};
		55D929FF1F2A03380046E302 /* TestTests */ = {
			isa = PBXGroup;
			children = (
				55D92A001F2A03380046E302 /* TestTests.swift */,
				55D92A021F2A03380046E302 /* Info.plist */,
			);
			path = TestTests;
			sourceTree = "<group>";
		};
		55D92A0A1F2A03380046E302 /* TestUITests */ = {
			isa = PBXGroup;
			children = (
				55D92A0B1F2A03380046E302 /* TestUITests.swift */,
				55D92A0D1F2A03380046E302 /* Info.plist */,
			);
			path = TestUITests;
			sourceTree = "<group>";
		};
/* End PBXGroup section */

/* Begin PBXNativeTarget section */
		55D929E71F2A03380046E302 /* Test */ = {
			isa = PBXNativeTarget;
			buildConfigurationList = 55D92A101F2A03380046E302 /* Build configuration list for PBXNativeTarget "Test" */;
			buildPhases = (
				55D929E41F2A03380046E302 /* Sources */,
				55D929E51F2A03380046E302 /* Frameworks */,
				55D929E61F2A03380046E302 /* Resources */,
			);
			buildRules = (
			);
			dependencies = (
			);
			name = Test;
			productName = Test;
			productReference = 55D929E81F2A03380046E302 /* Test.app */;
			productType = "com.apple.product-type.application";
		};
		55D929FB1F2A03380046E302 /* TestTests */ = {
			isa = PBXNativeTarget;
			buildConfigurationList = 55D92A131F2A03380046E302 /* Build configuration list for PBXNativeTarget "TestTests" */;
			buildPhases = (
				55D929F81F2A03380046E302 /* Sources */,
				55D929F91F2A03380046E302 /* Frameworks */,
				55D929FA1F2A03380046E302 /* Resources */,
			);
			buildRules = (
			);
			dependencies = (
				55D929FE1F2A03380046E302 /* PBXTargetDependency */,
			);
			name = TestTests;
			productName = TestTests;
			productReference = 55D929FC1F2A03380046E302 /* TestTests.xctest */;
			productType = "com.apple.product-type.bundle.unit-test";
		};
		55D92A061F2A03380046E302 /* TestUITests */ = {
			isa = PBXNativeTarget;
			buildConfigurationList = 55D92A161F2A03380046E302 /* Build configuration list for PBXNativeTarget "TestUITests" */;
			buildPhases = (
				55D92A031F2A03380046E302 /* Sources */,
				55D92A041F2A03380046E302 /* Frameworks */,
				55D92A051F2A03380046E302 /* Resources */,
			);
			buildRules = (
			);
			dependencies = (
				55D92A091F2A03380046E302 /* PBXTargetDependency */,
			);
			name = TestUITests;
			productName = TestUITests;
			productReference = 55D92A071F2A03380046E302 /* TestUITests.xctest */;
			productType = "com.apple.product-type.bundle.ui-testing";
		};
/* End PBXNativeTarget section */

/* Begin PBXProject section */
		55D929E01F2A03380046E302 /* Project object */ = {
			isa = PBXProject;
			attributes = {
				LastSwiftUpdateCheck = 0830;
				LastUpgradeCheck = 0830;
				ORGANIZATIONNAME = moqing;
				TargetAttributes = {
					55D929E71F2A03380046E302 = {
						CreatedOnToolsVersion = 8.3.3;
						DevelopmentTeam = 9ZSGLW8KUA;
						ProvisioningStyle = Automatic;
					};
					55D929FB1F2A03380046E302 = {
						CreatedOnToolsVersion = 8.3.3;
						DevelopmentTeam = 9ZSGLW8KUA;
						ProvisioningStyle = Automatic;
						TestTargetID = 55D929E71F2A03380046E302;
					};
					55D92A061F2A03380046E302 = {
						CreatedOnToolsVersion = 8.3.3;
						DevelopmentTeam = 9ZSGLW8KUA;
						ProvisioningStyle = Automatic;
						TestTargetID = 55D929E71F2A03380046E302;
					};
				};
			};
			buildConfigurationList = 55D929E31F2A03380046E302 /* Build configuration list for PBXProject "Test" */;
			compatibilityVersion = "Xcode 3.2";
			developmentRegion = English;
			hasScannedForEncodings = 0;
			knownRegions = (
				en,
				Base,
			);
			mainGroup = 55D929DF1F2A03380046E302;
			productRefGroup = 55D929E91F2A03380046E302 /* Products */;
			projectDirPath = "";
			projectRoot = "";
			targets = (
				55D929E71F2A03380046E302 /* Test */,
				55D929FB1F2A03380046E302 /* TestTests */,
				55D92A061F2A03380046E302 /* TestUITests */,
			);
		};
/* End PBXProject section */

/* Begin PBXResourcesBuildPhase section */
		55D929E61F2A03380046E302 /* Resources */ = {
			isa = PBXResourcesBuildPhase;
			buildActionMask = 2147483647;
			files = (
				55D929F61F2A03380046E302 /* LaunchScreen.storyboard in Resources */,
				55D929F31F2A03380046E302 /* Assets.xcassets in Resources */,
				55D929F11F2A03380046E302 /* Main.storyboard in Resources */,
			);
			runOnlyForDeploymentPostprocessing = 0;
		};
		55D929FA1F2A03380046E302 /* Resources */ = {
			isa = PBXResourcesBuildPhase;
			buildActionMask = 2147483647;
			files = (
			);
			runOnlyForDeploymentPostprocessing = 0;
		};
		55D92A051F2A03380046E302 /* Resources */ = {
			isa = PBXResourcesBuildPhase;
			buildActionMask = 2147483647;
			files = (
			);
			runOnlyForDeploymentPostprocessing = 0;
		};
/* End PBXResourcesBuildPhase section */

/* Begin PBXSourcesBuildPhase section */
		55D929E41F2A03380046E302 /* Sources */ = {
			isa = PBXSourcesBuildPhase;
			buildActionMask = 2147483647;
			files = (
				55D929EE1F2A03380046E302 /* ViewController.swift in Sources */,
				55D929EC1F2A03380046E302 /* AppDelegate.swift in Sources */,
			);
			runOnlyForDeploymentPostprocessing = 0;
		};
		55D929F81F2A03380046E302 /* Sources */ = {
			isa = PBXSourcesBuildPhase;
			buildActionMask = 2147483647;
			files = (
				55D92A011F2A03380046E302 /* TestTests.swift in Sources */,
			);
			runOnlyForDeploymentPostprocessing = 0;
		};
		55D92A031F2A03380046E302 /* Sources */ = {
			isa = PBXSourcesBuildPhase;
			buildActionMask = 2147483647;
			files = (
				55D92A0C1F2A03380046E302 /* TestUITests.swift in Sources */,
			);
			runOnlyForDeploymentPostprocessing = 0;
		};
/* End PBXSourcesBuildPhase section */

/* Begin PBXTargetDependency section */
		55D929FE1F2A03380046E302 /* PBXTargetDependency */ = {
			isa = PBXTargetDependency;
			target = 55D929E71F2A03380046E302 /* Test */;
			targetProxy = 55D929FD1F2A03380046E302 /* PBXContainerItemProxy */;
		};
		55D92A091F2A03380046E302 /* PBXTargetDependency */ = {
			isa = PBXTargetDependency;
			target = 55D929E71F2A03380046E302 /* Test */;
			targetProxy = 55D92A081F2A03380046E302 /* PBXContainerItemProxy */;
		};
/* End PBXTargetDependency section */

/* Begin PBXVariantGroup section */
		55D929EF1F2A03380046E302 /* Main.storyboard */ = {
			isa = PBXVariantGroup;
			children = (
				55D929F01F2A03380046E302 /* Base */,
			);
			name = Main.storyboard;
			sourceTree = "<group>";
		};
		55D929F41F2A03380046E302 /* LaunchScreen.storyboard */ = {
			isa = PBXVariantGroup;
			children = (
				55D929F51F2A03380046E302 /* Base */,
			);
			name = LaunchScreen.storyboard;
			sourceTree = "<group>";
		};
/* End PBXVariantGroup section */

/* Begin XCBuildConfiguration section */
		55D92A0E1F2A03380046E302 /* Debug */ = {
			isa = XCBuildConfiguration;
			buildSettings = {
				ALWAYS_SEARCH_USER_PATHS = NO;
				CLANG_ANALYZER_NONNULL = YES;
				CLANG_ANALYZER_NUMBER_OBJECT_CONVERSION = YES_AGGRESSIVE;
				CLANG_CXX_LANGUAGE_STANDARD = "gnu++0x";
				CLANG_CXX_LIBRARY = "libc++";
				CLANG_ENABLE_MODULES = YES;
				CLANG_ENABLE_OBJC_ARC = YES;
				CLANG_WARN_BOOL_CONVERSION = YES;
				CLANG_WARN_CONSTANT_CONVERSION = YES;
				CLANG_WARN_DIRECT_OBJC_ISA_USAGE = YES_ERROR;
				CLANG_WARN_DOCUMENTATION_COMMENTS = YES;
				CLANG_WARN_EMPTY_BODY = YES;
				CLANG_WARN_ENUM_CONVERSION = YES;
				CLANG_WARN_INFINITE_RECURSION = YES;
				CLANG_WARN_INT_CONVERSION = YES;
				CLANG_WARN_OBJC_ROOT_CLASS = YES_ERROR;
				CLANG_WARN_SUSPICIOUS_MOVE = YES;
				CLANG_WARN_UNREACHABLE_CODE = YES;
				CLANG_WARN__DUPLICATE_METHOD_MATCH = YES;
				"CODE_SIGN_IDENTITY[sdk=iphoneos*]" = "iPhone Developer";
				COPY_PHASE_STRIP = NO;
				DEBUG_INFORMATION_FORMAT = dwarf;
				ENABLE_STRICT_OBJC_MSGSEND = YES;
				ENABLE_TESTABILITY = YES;
				GCC_C_LANGUAGE_STANDARD = gnu99;
				GCC_DYNAMIC_NO_PIC = NO;
				GCC_NO_COMMON_BLOCKS = YES;
				GCC_OPTIMIZATION_LEVEL = 0;
				GCC_PREPROCESSOR_DEFINITIONS = (
					"DEBUG=1",
					"$(inherited)",
				);
				GCC_WARN_64_TO_32_BIT_CONVERSION = YES;
				GCC_WARN_ABOUT_RETURN_TYPE = YES_ERROR;
				GCC_WARN_UNDECLARED_SELECTOR = YES;
				GCC_WARN_UNINITIALIZED_AUTOS = YES_AGGRESSIVE;
				GCC_WARN_UNUSED_FUNCTION = YES;
				GCC_WARN_UNUSED_VARIABLE = YES;
				IPHONEOS_DEPLOYMENT_TARGET = 10.3;
				MTL_ENABLE_DEBUG_INFO = YES;
				ONLY_ACTIVE_ARCH = YES;
				SDKROOT = iphoneos;
				SWIFT_ACTIVE_COMPILATION_CONDITIONS = DEBUG;
				SWIFT_OPTIMIZATION_LEVEL = "-Onone";
				TARGETED_DEVICE_FAMILY = "1,2";
			};
			name = Debug;
		};
		55D92A0F1F2A03380046E302 /* Release */ = {
			isa = XCBuildConfiguration;
			buildSettings = {
				ALWAYS_SEARCH_USER_PATHS = NO;
				CLANG_ANALYZER_NONNULL = YES;
				CLANG_ANALYZER_NUMBER_OBJECT_CONVERSION = YES_AGGRESSIVE;
				CLANG_CXX_LANGUAGE_STANDARD = "gnu++0x";
				CLANG_CXX_LIBRARY = "libc++";
				CLANG_ENABLE_MODULES = YES;
				CLANG_ENABLE_OBJC_ARC = YES;
				CLANG_WARN_BOOL_CONVERSION = YES;
				CLANG_WARN_CONSTANT_CONVERSION = YES;
				CLANG_WARN_DIRECT_OBJC_ISA_USAGE = YES_ERROR;
				CLANG_WARN_DOCUMENTATION_COMMENTS = YES;
				CLANG_WARN_EMPTY_BODY = YES;
				CLANG_WARN_ENUM_CONVERSION = YES;
				CLANG_WARN_INFINITE_RECURSION = YES;
				CLANG_WARN_INT_CONVERSION = YES;
				CLANG_WARN_OBJC_ROOT_CLASS = YES_ERROR;
				CLANG_WARN_SUSPICIOUS_MOVE = YES;
				CLANG_WARN_UNREACHABLE_CODE = YES;
				CLANG_WARN__DUPLICATE_METHOD_MATCH = YES;
				"CODE_SIGN_IDENTITY[sdk=iphoneos*]" = "iPhone Developer";
				COPY_PHASE_STRIP = NO;
				DEBUG_INFORMATION_FORMAT = "dwarf-with-dsym";
				ENABLE_NS_ASSERTIONS = NO;
				ENABLE_STRICT_OBJC_MSGSEND = YES;
				GCC_C_LANGUAGE_STANDARD = gnu99;
				GCC_NO_COMMON_BLOCKS = YES;
				GCC_WARN_64_TO_32_BIT_CONVERSION = YES;
				GCC_WARN_ABOUT_RETURN_TYPE = YES_ERROR;
				GCC_WARN_UNDECLARED_SELECTOR = YES;
				GCC_WARN_UNINITIALIZED_AUTOS = YES_AGGRESSIVE;
				GCC_WARN_UNUSED_FUNCTION = YES;
				GCC_WARN_UNUSED_VARIABLE = YES;
				IPHONEOS_DEPLOYMENT_TARGET = 10.3;
				MTL_ENABLE_DEBUG_INFO = NO;
				SDKROOT = iphoneos;
				SWIFT_OPTIMIZATION_LEVEL = "-Owholemodule";
				TARGETED_DEVICE_FAMILY = "1,2";
				VALIDATE_PRODUCT = YES;
			};
			name = Release;
		};
		55D92A111F2A03380046E302 /* Debug */ = {
			isa = XCBuildConfiguration;
			buildSettings = {
				ASSETCATALOG_COMPILER_APPICON_NAME = AppIcon;
				DEVELOPMENT_TEAM = 9ZSGLW8KUA;
				INFOPLIST_FILE = Test/Info.plist;
				IPHONEOS_DEPLOYMENT_TARGET = 8.0;
				LD_RUNPATH_SEARCH_PATHS = "$(inherited) @executable_path/Frameworks";
				PRODUCT_BUNDLE_IDENTIFIER = com.xs.moqing.Test;
				PRODUCT_NAME = "$(TARGET_NAME)";
				SWIFT_VERSION = 3.0;
			};
			name = Debug;
		};
		55D92A121F2A03380046E302 /* Release */ = {
			isa = XCBuildConfiguration;
			buildSettings = {
				ASSETCATALOG_COMPILER_APPICON_NAME = AppIcon;
				DEVELOPMENT_TEAM = 9ZSGLW8KUA;
				INFOPLIST_FILE = Test/Info.plist;
				IPHONEOS_DEPLOYMENT_TARGET = 8.0;
				LD_RUNPATH_SEARCH_PATHS = "$(inherited) @executable_path/Frameworks";
				PRODUCT_BUNDLE_IDENTIFIER = com.xs.moqing.Test;
				PRODUCT_NAME = "$(TARGET_NAME)";
				SWIFT_VERSION = 3.0;
			};
			name = Release;
		};
		55D92A141F2A03380046E302 /* Debug */ = {
			isa = XCBuildConfiguration;
			buildSettings = {
				ALWAYS_EMBED_SWIFT_STANDARD_LIBRARIES = YES;
				BUNDLE_LOADER = "$(TEST_HOST)";
				DEVELOPMENT_TEAM = 9ZSGLW8KUA;
				INFOPLIST_FILE = TestTests/Info.plist;
				LD_RUNPATH_SEARCH_PATHS = "$(inherited) @executable_path/Frameworks @loader_path/Frameworks";
				PRODUCT_BUNDLE_IDENTIFIER = com.xs.moqing.TestTests;
				PRODUCT_NAME = "$(TARGET_NAME)";
				SWIFT_VERSION = 3.0;
				TEST_HOST = "$(BUILT_PRODUCTS_DIR)/Test.app/Test";
			};
			name = Debug;
		};
		55D92A151F2A03380046E302 /* Release */ = {
			isa = XCBuildConfiguration;
			buildSettings = {
				ALWAYS_EMBED_SWIFT_STANDARD_LIBRARIES = YES;
				BUNDLE_LOADER = "$(TEST_HOST)";
				DEVELOPMENT_TEAM = 9ZSGLW8KUA;
				INFOPLIST_FILE = TestTests/Info.plist;
				LD_RUNPATH_SEARCH_PATHS = "$(inherited) @executable_path/Frameworks @loader_path/Frameworks";
				PRODUCT_BUNDLE_IDENTIFIER = com.xs.moqing.TestTests;
				PRODUCT_NAME = "$(TARGET_NAME)";
				SWIFT_VERSION = 3.0;
				TEST_HOST = "$(BUILT_PRODUCTS_DIR)/Test.app/Test";
			};
			name = Release;
		};
		55D92A171F2A03380046E302 /* Debug */ = {
			isa = XCBuildConfiguration;
			buildSettings = {
				ALWAYS_EMBED_SWIFT_STANDARD_LIBRARIES = YES;
				DEVELOPMENT_TEAM = 9ZSGLW8KUA;
				INFOPLIST_FILE = TestUITests/Info.plist;
				LD_RUNPATH_SEARCH_PATHS = "$(inherited) @executable_path/Frameworks @loader_path/Frameworks";
				PRODUCT_BUNDLE_IDENTIFIER = com.xs.moqing.TestUITests;
				PRODUCT_NAME = "$(TARGET_NAME)";
				SWIFT_VERSION = 3.0;
				TEST_TARGET_NAME = Test;
			};
			name = Debug;
		};
		55D92A181F2A03380046E302 /* Release */ = {
			isa = XCBuildConfiguration;
			buildSettings = {
				ALWAYS_EMBED_SWIFT_STANDARD_LIBRARIES = YES;
				DEVELOPMENT_TEAM = 9ZSGLW8KUA;
				INFOPLIST_FILE = TestUITests/Info.plist;
				LD_RUNPATH_SEARCH_PATHS = "$(inherited) @executable_path/Frameworks @loader_path/Frameworks";
				PRODUCT_BUNDLE_IDENTIFIER = com.xs.moqing.TestUITests;
				PRODUCT_NAME = "$(TARGET_NAME)";
				SWIFT_VERSION = 3.0;
				TEST_TARGET_NAME = Test;
			};
			name = Release;
		};
/* End XCBuildConfiguration section */

/* Begin XCConfigurationList section */
		55D929E31F2A03380046E302 /* Build configuration list for PBXProject "Test" */ = {
			isa = XCConfigurationList;
			buildConfigurations = (
				55D92A0E1F2A03380046E302 /* Debug */,
				55D92A0F1F2A03380046E302 /* Release */,
			);
			defaultConfigurationIsVisible = 0;
			defaultConfigurationName = Release;
		};
		55D92A101F2A03380046E302 /* Build configuration list for PBXNativeTarget "Test" */ = {
			isa = XCConfigurationList;
			buildConfigurations = (
				55D92A111F2A03380046E302 /* Debug */,
				55D92A121F2A03380046E302 /* Release */,
			);
			defaultConfigurationIsVisible = 0;
			defaultConfigurationName = Release;
		};
		55D92A131F2A03380046E302 /* Build configuration list for PBXNativeTarget "TestTests" */ = {
			isa = XCConfigurationList;
			buildConfigurations = (
				55D92A141F2A03380046E302 /* Debug */,
				55D92A151F2A03380046E302 /* Release */,
			);
			defaultConfigurationIsVisible = 0;
			defaultConfigurationName = Release;
		};
		55D92A161F2A03380046E302 /* Build configuration list for PBXNativeTarget "TestUITests" */ = {
			isa = XCConfigurationList;
			buildConfigurations = (
				55D92A171F2A03380046E302 /* Debug */,
				55D92A181F2A03380046E302 /* Release */,
			);
			defaultConfigurationIsVisible = 0;
			defaultConfigurationName = Release;
		};
/* End XCConfigurationList section */
	};
	rootObject = 55D929E01F2A03380046E302 /* Project object */;
}
